{
  "name": "webgl-particle-engine",
  "version": "1.0.0",
  "lockfileVersion": 3,
  "requires": true,
  "packages": {
    "": {
      "name": "webgl-particle-engine",
      "version": "1.0.0",
      "license": "MIT",
      "dependencies": {
        "proton-engine": "^5.0.3"
      },
      "devDependencies": {}
    },
    "node_modules/proton-engine": {
      "version": "5.4.5",
      "resolved": "https://registry.npmjs.org/proton-engine/-/proton-engine-5.4.5.tgz",
      "integrity": "sha512-Atv36j/kDKLZ0xFjd5byFqt4GPIo4WUwtFxgc8RphWi83zVhfE9QHmI9OaP//qC75K8uT3XoivpZGtZF1autPQ==",
      "license": "MIT"
    }
  }
}
